
Microsoft Visual Studio Solution File, Format Version 12.00
# Visual Studio Version 17
VisualStudioVersion = 17.9.34723.18
MinimumVisualStudioVersion = 10.0.40219.1
Project("{9A19103F-16F7-4668-BE54-9A1E7A4F7556}") = "Automation.Framework", "Automation.Framework.Core.WebUI\Automation.Framework.csproj", "{B9D02497-9184-495F-95E0-7735F069EA54}"
EndProject
Project("{9A19103F-16F7-4668-BE54-9A1E7A4F7556}") = "AutomationRunner", "AutomationRunner\AutomationRunner.csproj", "{710AA7B4-76FE-40A3-BD84-E791D0B27B50}"
EndProject
Global
	GlobalSection(SolutionConfigurationPlatforms) = preSolution
		Debug|Any CPU = Debug|Any CPU
		Release|Any CPU = Release|Any CPU
	EndGlobalSection
	GlobalSection(ProjectConfigurationPlatforms) = postSolution
		{B9D02497-9184-495F-95E0-7735F069EA54}.Debug|Any CPU.ActiveCfg = Debug|Any CPU
		{B9D02497-9184-495F-95E0-7735F069EA54}.Debug|Any CPU.Build.0 = Debug|Any CPU
		{B9D02497-9184-495F-95E0-7735F069EA54}.Release|Any CPU.ActiveCfg = Release|Any CPU
		{B9D02497-9184-495F-95E0-7735F069EA54}.Release|Any CPU.Build.0 = Release|Any CPU
		{710AA7B4-76FE-40A3-BD84-E791D0B27B50}.Debug|Any CPU.ActiveCfg = Debug|Any CPU
		{710AA7B4-76FE-40A3-BD84-E791D0B27B50}.Debug|Any CPU.Build.0 = Debug|Any CPU
		{710AA7B4-76FE-40A3-BD84-E791D0B27B50}.Release|Any CPU.ActiveCfg = Release|Any CPU
		{710AA7B4-76FE-40A3-BD84-E791D0B27B50}.Release|Any CPU.Build.0 = Release|Any CPU
	EndGlobalSection
	GlobalSection(SolutionProperties) = preSolution
		HideSolutionNode = FALSE
	EndGlobalSection
	GlobalSection(ExtensibilityGlobals) = postSolution
		SolutionGuid = {0B8357DB-661F-4FFE-8BEF-D8AC78B3ADAF}
	EndGlobalSection
EndGlobal
